
Microsoft Visual Studio Solution File, Format Version 12.00
# Visual Studio 15
VisualStudioVersion = 15.0.27004.2009
MinimumVisualStudioVersion = 10.0.40219.1
Project("{FAE04EC0-301F-11D3-BF4B-00C04F79EFBC}") = "Matrix42Merger", "Matrix42Merger\Matrix42Merger.csproj", "{191E1F6D-130D-4623-8BA0-6CD6D4C3AEBC}"
EndProject
Project("{FAE04EC0-301F-11D3-BF4B-00C04F79EFBC}") = "Matrix42Merger.Tests", "Matrix42Merger.Tests\Matrix42Merger.Tests.csproj", "{79D66BEB-B94B-4C12-BDB4-32A40520EFD0}"
EndProject
Project("{9A19103F-16F7-4668-BE54-9A1E7A4F7556}") = "Matrix42Merger.Dto", "Matrix42Merger.Dto\Matrix42Merger.Dto.csproj", "{C93268C2-DDA9-404D-9858-A8C909A8345F}"
EndProject
Project("{9A19103F-16F7-4668-BE54-9A1E7A4F7556}") = "Matrix42merger.Domain", "Matrix42merger.Domain\Matrix42merger.Domain.csproj", "{792A4D87-3FE5-4FBD-91F0-5C09B09789A0}"
EndProject
Project("{FAE04EC0-301F-11D3-BF4B-00C04F79EFBC}") = "Matrix42Merger.Spamer", "Matrix42Merger.Spamer\Matrix42Merger.Spamer.csproj", "{DC966B63-C636-4BF1-8649-4576B4A354B8}"
EndProject
Global
	GlobalSection(SolutionConfigurationPlatforms) = preSolution
		Debug|Any CPU = Debug|Any CPU
		Release|Any CPU = Release|Any CPU
	EndGlobalSection
	GlobalSection(ProjectConfigurationPlatforms) = postSolution
		{191E1F6D-130D-4623-8BA0-6CD6D4C3AEBC}.Debug|Any CPU.ActiveCfg = Debug|Any CPU
		{191E1F6D-130D-4623-8BA0-6CD6D4C3AEBC}.Debug|Any CPU.Build.0 = Debug|Any CPU
		{191E1F6D-130D-4623-8BA0-6CD6D4C3AEBC}.Release|Any CPU.ActiveCfg = Release|Any CPU
		{191E1F6D-130D-4623-8BA0-6CD6D4C3AEBC}.Release|Any CPU.Build.0 = Release|Any CPU
		{79D66BEB-B94B-4C12-BDB4-32A40520EFD0}.Debug|Any CPU.ActiveCfg = Debug|Any CPU
		{79D66BEB-B94B-4C12-BDB4-32A40520EFD0}.Debug|Any CPU.Build.0 = Debug|Any CPU
		{79D66BEB-B94B-4C12-BDB4-32A40520EFD0}.Release|Any CPU.ActiveCfg = Release|Any CPU
		{79D66BEB-B94B-4C12-BDB4-32A40520EFD0}.Release|Any CPU.Build.0 = Release|Any CPU
		{C93268C2-DDA9-404D-9858-A8C909A8345F}.Debug|Any CPU.ActiveCfg = Debug|Any CPU
		{C93268C2-DDA9-404D-9858-A8C909A8345F}.Debug|Any CPU.Build.0 = Debug|Any CPU
		{C93268C2-DDA9-404D-9858-A8C909A8345F}.Release|Any CPU.ActiveCfg = Release|Any CPU
		{C93268C2-DDA9-404D-9858-A8C909A8345F}.Release|Any CPU.Build.0 = Release|Any CPU
		{792A4D87-3FE5-4FBD-91F0-5C09B09789A0}.Debug|Any CPU.ActiveCfg = Debug|Any CPU
		{792A4D87-3FE5-4FBD-91F0-5C09B09789A0}.Debug|Any CPU.Build.0 = Debug|Any CPU
		{792A4D87-3FE5-4FBD-91F0-5C09B09789A0}.Release|Any CPU.ActiveCfg = Release|Any CPU
		{792A4D87-3FE5-4FBD-91F0-5C09B09789A0}.Release|Any CPU.Build.0 = Release|Any CPU
		{DC966B63-C636-4BF1-8649-4576B4A354B8}.Debug|Any CPU.ActiveCfg = Debug|Any CPU
		{DC966B63-C636-4BF1-8649-4576B4A354B8}.Debug|Any CPU.Build.0 = Debug|Any CPU
		{DC966B63-C636-4BF1-8649-4576B4A354B8}.Release|Any CPU.ActiveCfg = Release|Any CPU
		{DC966B63-C636-4BF1-8649-4576B4A354B8}.Release|Any CPU.Build.0 = Release|Any CPU
	EndGlobalSection
	GlobalSection(SolutionProperties) = preSolution
		HideSolutionNode = FALSE
	EndGlobalSection
	GlobalSection(ExtensibilityGlobals) = postSolution
		SolutionGuid = {7BC2BA82-E05E-47B6-A758-9B6907EFBB69}
	EndGlobalSection
EndGlobal
